
Microsoft Visual Studio Solution File, Format Version 12.00
# Visual Studio Version 16
VisualStudioVersion = 16.0.31410.357
MinimumVisualStudioVersion = 10.0.40219.1
Project("{9A19103F-16F7-4668-BE54-9A1E7A4F7556}") = "MatchingGame.Server", "Server\MatchingGame.Server.csproj", "{08058C87-ACB3-455B-A16A-A427CEA22DE5}"
EndProject
Project("{9A19103F-16F7-4668-BE54-9A1E7A4F7556}") = "MatchingGame.Client", "Client\MatchingGame.Client.csproj", "{1AAE76E0-6F3C-4EB9-972C-AF8B90BAA7BD}"
EndProject
Project("{9A19103F-16F7-4668-BE54-9A1E7A4F7556}") = "MatchingGame.Shared", "Shared\MatchingGame.Shared.csproj", "{157F44B3-0500-4108-A914-0867BB2C4C2C}"
EndProject
Global
	GlobalSection(SolutionConfigurationPlatforms) = preSolution
		Debug|Any CPU = Debug|Any CPU
		Release|Any CPU = Release|Any CPU
	EndGlobalSection
	GlobalSection(ProjectConfigurationPlatforms) = postSolution
		{08058C87-ACB3-455B-A16A-A427CEA22DE5}.Debug|Any CPU.ActiveCfg = Debug|Any CPU
		{08058C87-ACB3-455B-A16A-A427CEA22DE5}.Debug|Any CPU.Build.0 = Debug|Any CPU
		{08058C87-ACB3-455B-A16A-A427CEA22DE5}.Release|Any CPU.ActiveCfg = Release|Any CPU
		{08058C87-ACB3-455B-A16A-A427CEA22DE5}.Release|Any CPU.Build.0 = Release|Any CPU
		{1AAE76E0-6F3C-4EB9-972C-AF8B90BAA7BD}.Debug|Any CPU.ActiveCfg = Debug|Any CPU
		{1AAE76E0-6F3C-4EB9-972C-AF8B90BAA7BD}.Debug|Any CPU.Build.0 = Debug|Any CPU
		{1AAE76E0-6F3C-4EB9-972C-AF8B90BAA7BD}.Release|Any CPU.ActiveCfg = Release|Any CPU
		{1AAE76E0-6F3C-4EB9-972C-AF8B90BAA7BD}.Release|Any CPU.Build.0 = Release|Any CPU
		{157F44B3-0500-4108-A914-0867BB2C4C2C}.Debug|Any CPU.ActiveCfg = Debug|Any CPU
		{157F44B3-0500-4108-A914-0867BB2C4C2C}.Debug|Any CPU.Build.0 = Debug|Any CPU
		{157F44B3-0500-4108-A914-0867BB2C4C2C}.Release|Any CPU.ActiveCfg = Release|Any CPU
		{157F44B3-0500-4108-A914-0867BB2C4C2C}.Release|Any CPU.Build.0 = Release|Any CPU
	EndGlobalSection
	GlobalSection(SolutionProperties) = preSolution
		HideSolutionNode = FALSE
	EndGlobalSection
	GlobalSection(ExtensibilityGlobals) = postSolution
		SolutionGuid = {40B3C033-63F4-407C-A095-0270F9BF5FCF}
	EndGlobalSection
EndGlobal
